// !$*UTF8*$!
{
	archiveVersion = 1;
	classes = {
	};
	objectVersion = 52;
	objects = {

/* Begin PBXBuildFile section */
		0406867626DD54AA00B85D43 /* GoogleService-Info.plist in Resources */ = {isa = PBXBuildFile; fileRef = 0406867526DD54AA00B85D43 /* GoogleService-Info.plist */; };
		0406867826DE895C00B85D43 /* Constants.swift in Sources */ = {isa = PBXBuildFile; fileRef = 0406867726DE895C00B85D43 /* Constants.swift */; };
		0406867A26DE928500B85D43 /* Message.swift in Sources */ = {isa = PBXBuildFile; fileRef = 0406867926DE928500B85D43 /* Message.swift */; };
		0406867D26DE97FE00B85D43 /* MessageCell.swift in Sources */ = {isa = PBXBuildFile; fileRef = 0406867B26DE97FE00B85D43 /* MessageCell.swift */; };
		0406867E26DE97FE00B85D43 /* MessageCell.xib in Resources */ = {isa = PBXBuildFile; fileRef = 0406867C26DE97FE00B85D43 /* MessageCell.xib */; };
		0406868126EA4DDC00B85D43 /* IQKeyboardManagerSwift in Frameworks */ = {isa = PBXBuildFile; productRef = 0406868026EA4DDC00B85D43 /* IQKeyboardManagerSwift */; };
		0406868326EA982700B85D43 /* LaunchScreen.storyboard in Resources */ = {isa = PBXBuildFile; fileRef = 0406868226EA982700B85D43 /* LaunchScreen.storyboard */; };
		04F6696E26DA8BCD00562A4E /* AppDelegate.swift in Sources */ = {isa = PBXBuildFile; fileRef = 04F6696D26DA8BCD00562A4E /* AppDelegate.swift */; };
		04F6697026DA8BCD00562A4E /* SceneDelegate.swift in Sources */ = {isa = PBXBuildFile; fileRef = 04F6696F26DA8BCD00562A4E /* SceneDelegate.swift */; };
		04F6697526DA8BCD00562A4E /* Main.storyboard in Resources */ = {isa = PBXBuildFile; fileRef = 04F6697326DA8BCD00562A4E /* Main.storyboard */; };
		04F6697726DA8BCE00562A4E /* Assets.xcassets in Resources */ = {isa = PBXBuildFile; fileRef = 04F6697626DA8BCE00562A4E /* Assets.xcassets */; };
		04F6698326DA8C1700562A4E /* WelcomeViewController.swift in Sources */ = {isa = PBXBuildFile; fileRef = 04F6698226DA8C1700562A4E /* WelcomeViewController.swift */; };
		04F6698526DA8CD000562A4E /* RegisterViewController.swift in Sources */ = {isa = PBXBuildFile; fileRef = 04F6698426DA8CD000562A4E /* RegisterViewController.swift */; };
		04F6698726DA8CE400562A4E /* LoginViewController.swift in Sources */ = {isa = PBXBuildFile; fileRef = 04F6698626DA8CE400562A4E /* LoginViewController.swift */; };
		04F6698926DA8CF200562A4E /* ChatViewController.swift in Sources */ = {isa = PBXBuildFile; fileRef = 04F6698826DA8CF200562A4E /* ChatViewController.swift */; };
		E7646BCC15B7E234820052E0 /* Pods_LightChat.framework in Frameworks */ = {isa = PBXBuildFile; fileRef = 29FBBC1BE7C6FCEA886DFE4E /* Pods_LightChat.framework */; };
/* End PBXBuildFile section */

/* Begin PBXFileReference section */
		0406867526DD54AA00B85D43 /* GoogleService-Info.plist */ = {isa = PBXFileReference; fileEncoding = 4; lastKnownFileType = text.plist.xml; path = "GoogleService-Info.plist"; sourceTree = "<group>"; };
		0406867726DE895C00B85D43 /* Constants.swift */ = {isa = PBXFileReference; lastKnownFileType = sourcecode.swift; path = Constants.swift; sourceTree = "<group>"; };
		0406867926DE928500B85D43 /* Message.swift */ = {isa = PBXFileReference; lastKnownFileType = sourcecode.swift; path = Message.swift; sourceTree = "<group>"; };
		0406867B26DE97FE00B85D43 /* MessageCell.swift */ = {isa = PBXFileReference; lastKnownFileType = sourcecode.swift; path = MessageCell.swift; sourceTree = "<group>"; };
		0406867C26DE97FE00B85D43 /* MessageCell.xib */ = {isa = PBXFileReference; lastKnownFileType = file.xib; path = MessageCell.xib; sourceTree = "<group>"; };
		0406868226EA982700B85D43 /* LaunchScreen.storyboard */ = {isa = PBXFileReference; lastKnownFileType = file.storyboard; path = LaunchScreen.storyboard; sourceTree = "<group>"; };
		0441CB9126DAB3E000E17468 /* Base */ = {isa = PBXFileReference; lastKnownFileType = text.plist.xml; name = Base; path = Base.lproj/Info.plist; sourceTree = "<group>"; };
		04F6696A26DA8BCD00562A4E /* LightChat.app */ = {isa = PBXFileReference; explicitFileType = wrapper.application; includeInIndex = 0; path = LightChat.app; sourceTree = BUILT_PRODUCTS_DIR; };
		04F6696D26DA8BCD00562A4E /* AppDelegate.swift */ = {isa = PBXFileReference; lastKnownFileType = sourcecode.swift; path = AppDelegate.swift; sourceTree = "<group>"; };
		04F6696F26DA8BCD00562A4E /* SceneDelegate.swift */ = {isa = PBXFileReference; lastKnownFileType = sourcecode.swift; path = SceneDelegate.swift; sourceTree = "<group>"; };
		04F6697426DA8BCD00562A4E /* Base */ = {isa = PBXFileReference; lastKnownFileType = file.storyboard; name = Base; path = Base.lproj/Main.storyboard; sourceTree = "<group>"; };
		04F6697626DA8BCE00562A4E /* Assets.xcassets */ = {isa = PBXFileReference; lastKnownFileType = folder.assetcatalog; path = Assets.xcassets; sourceTree = "<group>"; };
		04F6698226DA8C1700562A4E /* WelcomeViewController.swift */ = {isa = PBXFileReference; lastKnownFileType = sourcecode.swift; path = WelcomeViewController.swift; sourceTree = "<group>"; };
		04F6698426DA8CD000562A4E /* RegisterViewController.swift */ = {isa = PBXFileReference; lastKnownFileType = sourcecode.swift; path = RegisterViewController.swift; sourceTree = "<group>"; };
		04F6698626DA8CE400562A4E /* LoginViewController.swift */ = {isa = PBXFileReference; lastKnownFileType = sourcecode.swift; path = LoginViewController.swift; sourceTree = "<group>"; };
		04F6698826DA8CF200562A4E /* ChatViewController.swift */ = {isa = PBXFileReference; lastKnownFileType = sourcecode.swift; path = ChatViewController.swift; sourceTree = "<group>"; };
		29FBBC1BE7C6FCEA886DFE4E /* Pods_LightChat.framework */ = {isa = PBXFileReference; explicitFileType = wrapper.framework; includeInIndex = 0; path = Pods_LightChat.framework; sourceTree = BUILT_PRODUCTS_DIR; };
		5A5720A67684DBC228007F73 /* Pods-LightChat.release.xcconfig */ = {isa = PBXFileReference; includeInIndex = 1; lastKnownFileType = text.xcconfig; name = "Pods-LightChat.release.xcconfig"; path = "Target Support Files/Pods-LightChat/Pods-LightChat.release.xcconfig"; sourceTree = "<group>"; };
		BAC8263BF5F9EB6665573EC2 /* Pods-LightChat.debug.xcconfig */ = {isa = PBXFileReference; includeInIndex = 1; lastKnownFileType = text.xcconfig; name = "Pods-LightChat.debug.xcconfig"; path = "Target Support Files/Pods-LightChat/Pods-LightChat.debug.xcconfig"; sourceTree = "<group>"; };
/* End PBXFileReference section */

/* Begin PBXFrameworksBuildPhase section */
		04F6696726DA8BCD00562A4E /* Frameworks */ = {
			isa = PBXFrameworksBuildPhase;
			buildActionMask = 2147483647;
			files = (
				E7646BCC15B7E234820052E0 /* Pods_LightChat.framework in Frameworks */,
				0406868126EA4DDC00B85D43 /* IQKeyboardManagerSwift in Frameworks */,
			);
			runOnlyForDeploymentPostprocessing = 0;
		};
/* End PBXFrameworksBuildPhase section */

/* Begin PBXGroup section */
		04F6696126DA8BCD00562A4E = {
			isa = PBXGroup;
			children = (
				04F6698C26DAB36700562A4E /* LightChat */,
				04F6696B26DA8BCD00562A4E /* Products */,
				07E26FD8D6440E09C7F77447 /* Pods */,
				41CEFC7DC65A391A7382694D /* Frameworks */,
			);
			sourceTree = "<group>";
		};
		04F6696B26DA8BCD00562A4E /* Products */ = {
			isa = PBXGroup;
			children = (
				04F6696A26DA8BCD00562A4E /* LightChat.app */,
			);
			name = Products;
			sourceTree = "<group>";
		};
		04F6698126DA8C0200562A4E /* Controllers */ = {
			isa = PBXGroup;
			children = (
				04F6698226DA8C1700562A4E /* WelcomeViewController.swift */,
				04F6698426DA8CD000562A4E /* RegisterViewController.swift */,
				04F6698626DA8CE400562A4E /* LoginViewController.swift */,
				04F6698826DA8CF200562A4E /* ChatViewController.swift */,
			);
			path = Controllers;
			sourceTree = "<group>";
		};
		04F6698A26DA8CF900562A4E /* Models */ = {
			isa = PBXGroup;
			children = (
				0406867926DE928500B85D43 /* Message.swift */,
			);
			path = Models;
			sourceTree = "<group>";
		};
		04F6698B26DA8D0000562A4E /* Views */ = {
			isa = PBXGroup;
			children = (
				04F6697326DA8BCD00562A4E /* Main.storyboard */,
				0406867B26DE97FE00B85D43 /* MessageCell.swift */,
				0406867C26DE97FE00B85D43 /* MessageCell.xib */,
			);
			path = Views;
			sourceTree = "<group>";
		};
		04F6698C26DAB36700562A4E /* LightChat */ = {
			isa = PBXGroup;
			children = (
				04F6696D26DA8BCD00562A4E /* AppDelegate.swift */,
				04F6696F26DA8BCD00562A4E /* SceneDelegate.swift */,
				04F6698A26DA8CF900562A4E /* Models */,
				04F6698126DA8C0200562A4E /* Controllers */,
				04F6698B26DA8D0000562A4E /* Views */,
				04F6697626DA8BCE00562A4E /* Assets.xcassets */,
				0441CB9226DAB3E000E17468 /* Info.plist */,
				0406867526DD54AA00B85D43 /* GoogleService-Info.plist */,
				0406867726DE895C00B85D43 /* Constants.swift */,
				0406868226EA982700B85D43 /* LaunchScreen.storyboard */,
			);
			path = LightChat;
			sourceTree = "<group>";
		};
		07E26FD8D6440E09C7F77447 /* Pods */ = {
			isa = PBXGroup;
			children = (
				BAC8263BF5F9EB6665573EC2 /* Pods-LightChat.debug.xcconfig */,
				5A5720A67684DBC228007F73 /* Pods-LightChat.release.xcconfig */,
			);
			path = Pods;
			sourceTree = "<group>";
		};
		41CEFC7DC65A391A7382694D /* Frameworks */ = {
			isa = PBXGroup;
			children = (
				29FBBC1BE7C6FCEA886DFE4E /* Pods_LightChat.framework */,
			);
			name = Frameworks;
			sourceTree = "<group>";
		};
/* End PBXGroup section */

/* Begin PBXNativeTarget section */
		04F6696926DA8BCD00562A4E /* LightChat */ = {
			isa = PBXNativeTarget;
			buildConfigurationList = 04F6697E26DA8BCE00562A4E /* Build configuration list for PBXNativeTarget "LightChat" */;
			buildPhases = (
				3E9EDEF79BF3DB6AD055AF38 /* [CP] Check Pods Manifest.lock */,
				04F6696626DA8BCD00562A4E /* Sources */,
				04F6696726DA8BCD00562A4E /* Frameworks */,
				04F6696826DA8BCD00562A4E /* Resources */,
				CE54B52F63B73309A5C05C85 /* [CP] Embed Pods Frameworks */,
			);
			buildRules = (
			);
			dependencies = (
			);
			name = LightChat;
			packageProductDependencies = (
				0406868026EA4DDC00B85D43 /* IQKeyboardManagerSwift */,
			);
			productName = FlashChat;
			productReference = 04F6696A26DA8BCD00562A4E /* LightChat.app */;
			productType = "com.apple.product-type.application";
		};
/* End PBXNativeTarget section */

/* Begin PBXProject section */
		04F6696226DA8BCD00562A4E /* Project object */ = {
			isa = PBXProject;
			attributes = {
				LastSwiftUpdateCheck = 1250;
				LastUpgradeCheck = 1250;
				TargetAttributes = {
					04F6696926DA8BCD00562A4E = {
						CreatedOnToolsVersion = 12.5.1;
					};
				};
			};
			buildConfigurationList = 04F6696526DA8BCD00562A4E /* Build configuration list for PBXProject "LightChat" */;
			compatibilityVersion = "Xcode 9.3";
			developmentRegion = en;
			hasScannedForEncodings = 0;
			knownRegions = (
				en,
				Base,
			);
			mainGroup = 04F6696126DA8BCD00562A4E;
			packageReferences = (
				0406867F26EA4DDC00B85D43 /* XCRemoteSwiftPackageReference "IQKeyboardManager" */,
			);
			productRefGroup = 04F6696B26DA8BCD00562A4E /* Products */;
			projectDirPath = "";
			projectRoot = "";
			targets = (
				04F6696926DA8BCD00562A4E /* LightChat */,
			);
		};
/* End PBXProject section */

/* Begin PBXResourcesBuildPhase section */
		04F6696826DA8BCD00562A4E /* Resources */ = {
			isa = PBXResourcesBuildPhase;
			buildActionMask = 2147483647;
			files = (
				04F6697726DA8BCE00562A4E /* Assets.xcassets in Resources */,
				0406867E26DE97FE00B85D43 /* MessageCell.xib in Resources */,
				04F6697526DA8BCD00562A4E /* Main.storyboard in Resources */,
				0406868326EA982700B85D43 /* LaunchScreen.storyboard in Resources */,
				0406867626DD54AA00B85D43 /* GoogleService-Info.plist in Resources */,
			);
			runOnlyForDeploymentPostprocessing = 0;
		};
/* End PBXResourcesBuildPhase section */

/* Begin PBXShellScriptBuildPhase section */
		3E9EDEF79BF3DB6AD055AF38 /* [CP] Check Pods Manifest.lock */ = {
			isa = PBXShellScriptBuildPhase;
			buildActionMask = 2147483647;
			files = (
			);
			inputFileListPaths = (
			);
			inputPaths = (
				"${PODS_PODFILE_DIR_PATH}/Podfile.lock",
				"${PODS_ROOT}/Manifest.lock",
			);
			name = "[CP] Check Pods Manifest.lock";
			outputFileListPaths = (
			);
			outputPaths = (
				"$(DERIVED_FILE_DIR)/Pods-LightChat-checkManifestLockResult.txt",
			);
			runOnlyForDeploymentPostprocessing = 0;
			shellPath = /bin/sh;
			shellScript = "diff \"${PODS_PODFILE_DIR_PATH}/Podfile.lock\" \"${PODS_ROOT}/Manifest.lock\" > /dev/null\nif [ $? != 0 ] ; then\n    # print error to STDERR\n    echo \"error: The sandbox is not in sync with the Podfile.lock. Run 'pod install' or update your CocoaPods installation.\" >&2\n    exit 1\nfi\n# This output is used by Xcode 'outputs' to avoid re-running this script phase.\necho \"SUCCESS\" > \"${SCRIPT_OUTPUT_FILE_0}\"\n";
			showEnvVarsInLog = 0;
		};
		CE54B52F63B73309A5C05C85 /* [CP] Embed Pods Frameworks */ = {
			isa = PBXShellScriptBuildPhase;
			buildActionMask = 2147483647;
			files = (
			);
			inputFileListPaths = (
				"${PODS_ROOT}/Target Support Files/Pods-LightChat/Pods-LightChat-frameworks-${CONFIGURATION}-input-files.xcfilelist",
			);
			name = "[CP] Embed Pods Frameworks";
			outputFileListPaths = (
				"${PODS_ROOT}/Target Support Files/Pods-LightChat/Pods-LightChat-frameworks-${CONFIGURATION}-output-files.xcfilelist",
			);
			runOnlyForDeploymentPostprocessing = 0;
			shellPath = /bin/sh;
			shellScript = "\"${PODS_ROOT}/Target Support Files/Pods-LightChat/Pods-LightChat-frameworks.sh\"\n";
			showEnvVarsInLog = 0;
		};
/* End PBXShellScriptBuildPhase section */

/* Begin PBXSourcesBuildPhase section */
		04F6696626DA8BCD00562A4E /* Sources */ = {
			isa = PBXSourcesBuildPhase;
			buildActionMask = 2147483647;
			files = (
				04F6698326DA8C1700562A4E /* WelcomeViewController.swift in Sources */,
				04F6696E26DA8BCD00562A4E /* AppDelegate.swift in Sources */,
				04F6697026DA8BCD00562A4E /* SceneDelegate.swift in Sources */,
				04F6698726DA8CE400562A4E /* LoginViewController.swift in Sources */,
				0406867826DE895C00B85D43 /* Constants.swift in Sources */,
				0406867A26DE928500B85D43 /* Message.swift in Sources */,
				04F6698926DA8CF200562A4E /* ChatViewController.swift in Sources */,
				04F6698526DA8CD000562A4E /* RegisterViewController.swift in Sources */,
				0406867D26DE97FE00B85D43 /* MessageCell.swift in Sources */,
			);
			runOnlyForDeploymentPostprocessing = 0;
		};
/* End PBXSourcesBuildPhase section */

/* Begin PBXVariantGroup section */
		0441CB9226DAB3E000E17468 /* Info.plist */ = {
			isa = PBXVariantGroup;
			children = (
				0441CB9126DAB3E000E17468 /* Base */,
			);
			name = Info.plist;
			sourceTree = "<group>";
		};
		04F6697326DA8BCD00562A4E /* Main.storyboard */ = {
			isa = PBXVariantGroup;
			children = (
				04F6697426DA8BCD00562A4E /* Base */,
			);
			name = Main.storyboard;
			sourceTree = "<group>";
		};
/* End PBXVariantGroup section */

/* Begin XCBuildConfiguration section */
		04F6697C26DA8BCE00562A4E /* Debug */ = {
			isa = XCBuildConfiguration;
			buildSettings = {
				ALWAYS_SEARCH_USER_PATHS = NO;
				CLANG_ANALYZER_NONNULL = YES;
				CLANG_ANALYZER_NUMBER_OBJECT_CONVERSION = YES_AGGRESSIVE;
				CLANG_CXX_LANGUAGE_STANDARD = "gnu++14";
				CLANG_CXX_LIBRARY = "libc++";
				CLANG_ENABLE_MODULES = YES;
				CLANG_ENABLE_OBJC_ARC = YES;
				CLANG_ENABLE_OBJC_WEAK = YES;
				CLANG_WARN_BLOCK_CAPTURE_AUTORELEASING = YES;
				CLANG_WARN_BOOL_CONVERSION = YES;
				CLANG_WARN_COMMA = YES;
				CLANG_WARN_CONSTANT_CONVERSION = YES;
				CLANG_WARN_DEPRECATED_OBJC_IMPLEMENTATIONS = YES;
				CLANG_WARN_DIRECT_OBJC_ISA_USAGE = YES_ERROR;
				CLANG_WARN_DOCUMENTATION_COMMENTS = YES;
				CLANG_WARN_EMPTY_BODY = YES;
				CLANG_WARN_ENUM_CONVERSION = YES;
				CLANG_WARN_INFINITE_RECURSION = YES;
				CLANG_WARN_INT_CONVERSION = YES;
				CLANG_WARN_NON_LITERAL_NULL_CONVERSION = YES;
				CLANG_WARN_OBJC_IMPLICIT_RETAIN_SELF = YES;
				CLANG_WARN_OBJC_LITERAL_CONVERSION = YES;
				CLANG_WARN_OBJC_ROOT_CLASS = YES_ERROR;
				CLANG_WARN_QUOTED_INCLUDE_IN_FRAMEWORK_HEADER = YES;
				CLANG_WARN_RANGE_LOOP_ANALYSIS = YES;
				CLANG_WARN_STRICT_PROTOTYPES = YES;
				CLANG_WARN_SUSPICIOUS_MOVE = YES;
				CLANG_WARN_UNGUARDED_AVAILABILITY = YES_AGGRESSIVE;
				CLANG_WARN_UNREACHABLE_CODE = YES;
				CLANG_WARN__DUPLICATE_METHOD_MATCH = YES;
				COPY_PHASE_STRIP = NO;
				DEBUG_INFORMATION_FORMAT = dwarf;
				ENABLE_STRICT_OBJC_MSGSEND = YES;
				ENABLE_TESTABILITY = YES;
				GCC_C_LANGUAGE_STANDARD = gnu11;
				GCC_DYNAMIC_NO_PIC = NO;
				GCC_NO_COMMON_BLOCKS = YES;
				GCC_OPTIMIZATION_LEVEL = 0;
				GCC_PREPROCESSOR_DEFINITIONS = (
					"DEBUG=1",
					"$(inherited)",
				);
				GCC_WARN_64_TO_32_BIT_CONVERSION = YES;
				GCC_WARN_ABOUT_RETURN_TYPE = YES_ERROR;
				GCC_WARN_UNDECLARED_SELECTOR = YES;
				GCC_WARN_UNINITIALIZED_AUTOS = YES_AGGRESSIVE;
				GCC_WARN_UNUSED_FUNCTION = YES;
				GCC_WARN_UNUSED_VARIABLE = YES;
				IPHONEOS_DEPLOYMENT_TARGET = 14.5;
				MTL_ENABLE_DEBUG_INFO = INCLUDE_SOURCE;
				MTL_FAST_MATH = YES;
				ONLY_ACTIVE_ARCH = YES;
				SDKROOT = iphoneos;
				SWIFT_ACTIVE_COMPILATION_CONDITIONS = DEBUG;
				SWIFT_OPTIMIZATION_LEVEL = "-Onone";
			};
			name = Debug;
		};
		04F6697D26DA8BCE00562A4E /* Release */ = {
			isa = XCBuildConfiguration;
			buildSettings = {
				ALWAYS_SEARCH_USER_PATHS = NO;
				CLANG_ANALYZER_NONNULL = YES;
				CLANG_ANALYZER_NUMBER_OBJECT_CONVERSION = YES_AGGRESSIVE;
				CLANG_CXX_LANGUAGE_STANDARD = "gnu++14";
				CLANG_CXX_LIBRARY = "libc++";
				CLANG_ENABLE_MODULES = YES;
				CLANG_ENABLE_OBJC_ARC = YES;
				CLANG_ENABLE_OBJC_WEAK = YES;
				CLANG_WARN_BLOCK_CAPTURE_AUTORELEASING = YES;
				CLANG_WARN_BOOL_CONVERSION = YES;
				CLANG_WARN_COMMA = YES;
				CLANG_WARN_CONSTANT_CONVERSION = YES;
				CLANG_WARN_DEPRECATED_OBJC_IMPLEMENTATIONS = YES;
				CLANG_WARN_DIRECT_OBJC_ISA_USAGE = YES_ERROR;
				CLANG_WARN_DOCUMENTATION_COMMENTS = YES;
				CLANG_WARN_EMPTY_BODY = YES;
				CLANG_WARN_ENUM_CONVERSION = YES;
				CLANG_WARN_INFINITE_RECURSION = YES;
				CLANG_WARN_INT_CONVERSION = YES;
				CLANG_WARN_NON_LITERAL_NULL_CONVERSION = YES;
				CLANG_WARN_OBJC_IMPLICIT_RETAIN_SELF = YES;
				CLANG_WARN_OBJC_LITERAL_CONVERSION = YES;
				CLANG_WARN_OBJC_ROOT_CLASS = YES_ERROR;
				CLANG_WARN_QUOTED_INCLUDE_IN_FRAMEWORK_HEADER = YES;
				CLANG_WARN_RANGE_LOOP_ANALYSIS = YES;
				CLANG_WARN_STRICT_PROTOTYPES = YES;
				CLANG_WARN_SUSPICIOUS_MOVE = YES;
				CLANG_WARN_UNGUARDED_AVAILABILITY = YES_AGGRESSIVE;
				CLANG_WARN_UNREACHABLE_CODE = YES;
				CLANG_WARN__DUPLICATE_METHOD_MATCH = YES;
				COPY_PHASE_STRIP = NO;
				DEBUG_INFORMATION_FORMAT = "dwarf-with-dsym";
				ENABLE_NS_ASSERTIONS = NO;
				ENABLE_STRICT_OBJC_MSGSEND = YES;
				GCC_C_LANGUAGE_STANDARD = gnu11;
				GCC_NO_COMMON_BLOCKS = YES;
				GCC_WARN_64_TO_32_BIT_CONVERSION = YES;
				GCC_WARN_ABOUT_RETURN_TYPE = YES_ERROR;
				GCC_WARN_UNDECLARED_SELECTOR = YES;
				GCC_WARN_UNINITIALIZED_AUTOS = YES_AGGRESSIVE;
				GCC_WARN_UNUSED_FUNCTION = YES;
				GCC_WARN_UNUSED_VARIABLE = YES;
				IPHONEOS_DEPLOYMENT_TARGET = 14.5;
				MTL_ENABLE_DEBUG_INFO = NO;
				MTL_FAST_MATH = YES;
				SDKROOT = iphoneos;
				SWIFT_COMPILATION_MODE = wholemodule;
				SWIFT_OPTIMIZATION_LEVEL = "-O";
				VALIDATE_PRODUCT = YES;
			};
			name = Release;
		};
		04F6697F26DA8BCE00562A4E /* Debug */ = {
			isa = XCBuildConfiguration;
			baseConfigurationReference = BAC8263BF5F9EB6665573EC2 /* Pods-LightChat.debug.xcconfig */;
			buildSettings = {
				ASSETCATALOG_COMPILER_APPICON_NAME = AppIcon;
				ASSETCATALOG_COMPILER_GLOBAL_ACCENT_COLOR_NAME = AccentColor;
				CODE_SIGN_STYLE = Automatic;
				DEVELOPMENT_TEAM = 9WG2395BL6;
				INFOPLIST_FILE = LightChat/Info.plist;
				LD_RUNPATH_SEARCH_PATHS = (
					"$(inherited)",
					"@executable_path/Frameworks",
				);
				PRODUCT_BUNDLE_IDENTIFIER = com.ansan.LightChat;
				PRODUCT_NAME = "$(TARGET_NAME)";
				SWIFT_VERSION = 5.0;
				TARGETED_DEVICE_FAMILY = "1,2";
			};
			name = Debug;
		};
		04F6698026DA8BCE00562A4E /* Release */ = {
			isa = XCBuildConfiguration;
			baseConfigurationReference = 5A5720A67684DBC228007F73 /* Pods-LightChat.release.xcconfig */;
			buildSettings = {
				ASSETCATALOG_COMPILER_APPICON_NAME = AppIcon;
				ASSETCATALOG_COMPILER_GLOBAL_ACCENT_COLOR_NAME = AccentColor;
				CODE_SIGN_STYLE = Automatic;
				DEVELOPMENT_TEAM = 9WG2395BL6;
				INFOPLIST_FILE = LightChat/Info.plist;
				LD_RUNPATH_SEARCH_PATHS = (
					"$(inherited)",
					"@executable_path/Frameworks",
				);
				PRODUCT_BUNDLE_IDENTIFIER = com.ansan.LightChat;
				PRODUCT_NAME = "$(TARGET_NAME)";
				SWIFT_VERSION = 5.0;
				TARGETED_DEVICE_FAMILY = "1,2";
			};
			name = Release;
		};
/* End XCBuildConfiguration section */

/* Begin XCConfigurationList section */
		04F6696526DA8BCD00562A4E /* Build configuration list for PBXProject "LightChat" */ = {
			isa = XCConfigurationList;
			buildConfigurations = (
				04F6697C26DA8BCE00562A4E /* Debug */,
				04F6697D26DA8BCE00562A4E /* Release */,
			);
			defaultConfigurationIsVisible = 0;
			defaultConfigurationName = Release;
		};
		04F6697E26DA8BCE00562A4E /* Build configuration list for PBXNativeTarget "LightChat" */ = {
			isa = XCConfigurationList;
			buildConfigurations = (
				04F6697F26DA8BCE00562A4E /* Debug */,
				04F6698026DA8BCE00562A4E /* Release */,
			);
			defaultConfigurationIsVisible = 0;
			defaultConfigurationName = Release;
		};
/* End XCConfigurationList section */

/* Begin XCRemoteSwiftPackageReference section */
		0406867F26EA4DDC00B85D43 /* XCRemoteSwiftPackageReference "IQKeyboardManager" */ = {
			isa = XCRemoteSwiftPackageReference;
			repositoryURL = "https://github.com/hackiftekhar/IQKeyboardManager";
			requirement = {
				kind = upToNextMajorVersion;
				minimumVersion = 6.5.6;
			};
		};
/* End XCRemoteSwiftPackageReference section */

/* Begin XCSwiftPackageProductDependency section */
		0406868026EA4DDC00B85D43 /* IQKeyboardManagerSwift */ = {
			isa = XCSwiftPackageProductDependency;
			package = 0406867F26EA4DDC00B85D43 /* XCRemoteSwiftPackageReference "IQKeyboardManager" */;
			productName = IQKeyboardManagerSwift;
		};
/* End XCSwiftPackageProductDependency section */
	};
	rootObject = 04F6696226DA8BCD00562A4E /* Project object */;
}
